
Microsoft Visual Studio Solution File, Format Version 12.00
# Visual Studio Version 17
VisualStudioVersion = 17.3.32929.385
MinimumVisualStudioVersion = 10.0.40219.1
Project("{FAE04EC0-301F-11D3-BF4B-00C04F79EFBC}") = "TUGASHALIM", "TUGASHALIM\TUGASHALIM.csproj", "{C94A44E2-634D-49FB-A940-9F83C6F93503}"
EndProject
Global
	GlobalSection(SolutionConfigurationPlatforms) = preSolution
		Debug|Any CPU = Debug|Any CPU
		Release|Any CPU = Release|Any CPU
	EndGlobalSection
	GlobalSection(ProjectConfigurationPlatforms) = postSolution
		{C94A44E2-634D-49FB-A940-9F83C6F93503}.Debug|Any CPU.ActiveCfg = Debug|Any CPU
		{C94A44E2-634D-49FB-A940-9F83C6F93503}.Debug|Any CPU.Build.0 = Debug|Any CPU
		{C94A44E2-634D-49FB-A940-9F83C6F93503}.Release|Any CPU.ActiveCfg = Release|Any CPU
		{C94A44E2-634D-49FB-A940-9F83C6F93503}.Release|Any CPU.Build.0 = Release|Any CPU
	EndGlobalSection
	GlobalSection(SolutionProperties) = preSolution
		HideSolutionNode = FALSE
	EndGlobalSection
	GlobalSection(ExtensibilityGlobals) = postSolution
		SolutionGuid = {7C25A72A-708C-47D0-A644-36064C250EAE}
	EndGlobalSection
EndGlobal
